
Microsoft Visual Studio Solution File, Format Version 12.00
# Visual Studio 15
VisualStudioVersion = 15.0.27130.2010
MinimumVisualStudioVersion = 10.0.40219.1
Project("{9A19103F-16F7-4668-BE54-9A1E7A4F7556}") = "Pure.Profiler", "Pure.Profiler\Pure.Profiler.csproj", "{0F6D5016-3D0A-4253-A8AD-CD930411931A}"
EndProject
Project("{9A19103F-16F7-4668-BE54-9A1E7A4F7556}") = "Pure.Profiler.Web", "Pure.Profiler.Web\Pure.Profiler.Web.csproj", "{A5D2EDD8-576E-4A1A-802C-DC0A477E1C6D}"
EndProject
Project("{FAE04EC0-301F-11D3-BF4B-00C04F79EFBC}") = "Pure.Profiler.DbProfilingStorage", "Pure.Profiler.DbProfilingStorage\Pure.Profiler.DbProfilingStorage.csproj", "{A4BEB79E-47E0-46A4-BF82-845394AD8F83}"
EndProject
Global
	GlobalSection(SolutionConfigurationPlatforms) = preSolution
		Debug|Any CPU = Debug|Any CPU
		Release|Any CPU = Release|Any CPU
	EndGlobalSection
	GlobalSection(ProjectConfigurationPlatforms) = postSolution
		{0F6D5016-3D0A-4253-A8AD-CD930411931A}.Debug|Any CPU.ActiveCfg = Debug|Any CPU
		{0F6D5016-3D0A-4253-A8AD-CD930411931A}.Debug|Any CPU.Build.0 = Debug|Any CPU
		{0F6D5016-3D0A-4253-A8AD-CD930411931A}.Release|Any CPU.ActiveCfg = Release|Any CPU
		{0F6D5016-3D0A-4253-A8AD-CD930411931A}.Release|Any CPU.Build.0 = Release|Any CPU
		{A5D2EDD8-576E-4A1A-802C-DC0A477E1C6D}.Debug|Any CPU.ActiveCfg = Debug|Any CPU
		{A5D2EDD8-576E-4A1A-802C-DC0A477E1C6D}.Debug|Any CPU.Build.0 = Debug|Any CPU
		{A5D2EDD8-576E-4A1A-802C-DC0A477E1C6D}.Release|Any CPU.ActiveCfg = Release|Any CPU
		{A5D2EDD8-576E-4A1A-802C-DC0A477E1C6D}.Release|Any CPU.Build.0 = Release|Any CPU
		{A4BEB79E-47E0-46A4-BF82-845394AD8F83}.Debug|Any CPU.ActiveCfg = Debug|Any CPU
		{A4BEB79E-47E0-46A4-BF82-845394AD8F83}.Debug|Any CPU.Build.0 = Debug|Any CPU
		{A4BEB79E-47E0-46A4-BF82-845394AD8F83}.Release|Any CPU.ActiveCfg = Release|Any CPU
		{A4BEB79E-47E0-46A4-BF82-845394AD8F83}.Release|Any CPU.Build.0 = Release|Any CPU
	EndGlobalSection
	GlobalSection(SolutionProperties) = preSolution
		HideSolutionNode = FALSE
	EndGlobalSection
	GlobalSection(ExtensibilityGlobals) = postSolution
		SolutionGuid = {DFBF5E8F-B274-4EA4-8788-68D32008E94B}
	EndGlobalSection
EndGlobal
